// !$*UTF8*$!
{
	archiveVersion = 1;
	classes = {
	};
	objectVersion = 50;
	objects = {

/* Begin PBXBuildFile section */
		5005E8B125055F44001E83D8 /* AppDelegate.swift in Sources */ = {isa = PBXBuildFile; fileRef = 5005E8B025055F44001E83D8 /* AppDelegate.swift */; };
		5005E8B325055F44001E83D8 /* SceneDelegate.swift in Sources */ = {isa = PBXBuildFile; fileRef = 5005E8B225055F44001E83D8 /* SceneDelegate.swift */; };
		5005E8B525055F44001E83D8 /* Dashboard.swift in Sources */ = {isa = PBXBuildFile; fileRef = 5005E8B425055F44001E83D8 /* Dashboard.swift */; };
		5005E8BA25055F48001E83D8 /* Assets.xcassets in Resources */ = {isa = PBXBuildFile; fileRef = 5005E8B925055F48001E83D8 /* Assets.xcassets */; };
		5005E8BD25055F48001E83D8 /* LaunchScreen.storyboard in Resources */ = {isa = PBXBuildFile; fileRef = 5005E8BB25055F48001E83D8 /* LaunchScreen.storyboard */; };
		5005E8C7250562BA001E83D8 /* UIView+Layout.swift in Sources */ = {isa = PBXBuildFile; fileRef = 5005E8C6250562BA001E83D8 /* UIView+Layout.swift */; };
		5005E8C925056B66001E83D8 /* UserProfile.swift in Sources */ = {isa = PBXBuildFile; fileRef = 5005E8C825056B66001E83D8 /* UserProfile.swift */; };
		5005E8CB25057303001E83D8 /* BasicInformation.swift in Sources */ = {isa = PBXBuildFile; fileRef = 5005E8CA25057303001E83D8 /* BasicInformation.swift */; };
		5005E8CD2505731E001E83D8 /* Password.swift in Sources */ = {isa = PBXBuildFile; fileRef = 5005E8CC2505731E001E83D8 /* Password.swift */; };
		5005E8D02505AE55001E83D8 /* Network.swift in Sources */ = {isa = PBXBuildFile; fileRef = 5005E8CF2505AE55001E83D8 /* Network.swift */; };
/* End PBXBuildFile section */

/* Begin PBXFileReference section */
		5005E8AD25055F44001E83D8 /* CodeChallenge.app */ = {isa = PBXFileReference; explicitFileType = wrapper.application; includeInIndex = 0; path = CodeChallenge.app; sourceTree = BUILT_PRODUCTS_DIR; };
		5005E8B025055F44001E83D8 /* AppDelegate.swift */ = {isa = PBXFileReference; lastKnownFileType = sourcecode.swift; path = AppDelegate.swift; sourceTree = "<group>"; };
		5005E8B225055F44001E83D8 /* SceneDelegate.swift */ = {isa = PBXFileReference; lastKnownFileType = sourcecode.swift; path = SceneDelegate.swift; sourceTree = "<group>"; };
		5005E8B425055F44001E83D8 /* Dashboard.swift */ = {isa = PBXFileReference; lastKnownFileType = sourcecode.swift; path = Dashboard.swift; sourceTree = "<group>"; };
		5005E8B925055F48001E83D8 /* Assets.xcassets */ = {isa = PBXFileReference; lastKnownFileType = folder.assetcatalog; path = Assets.xcassets; sourceTree = "<group>"; };
		5005E8BC25055F48001E83D8 /* Base */ = {isa = PBXFileReference; lastKnownFileType = file.storyboard; name = Base; path = Base.lproj/LaunchScreen.storyboard; sourceTree = "<group>"; };
		5005E8BE25055F48001E83D8 /* Info.plist */ = {isa = PBXFileReference; lastKnownFileType = text.plist.xml; path = Info.plist; sourceTree = "<group>"; };
		5005E8C6250562BA001E83D8 /* UIView+Layout.swift */ = {isa = PBXFileReference; lastKnownFileType = sourcecode.swift; path = "UIView+Layout.swift"; sourceTree = "<group>"; };
		5005E8C825056B66001E83D8 /* UserProfile.swift */ = {isa = PBXFileReference; lastKnownFileType = sourcecode.swift; path = UserProfile.swift; sourceTree = "<group>"; };
		5005E8CA25057303001E83D8 /* BasicInformation.swift */ = {isa = PBXFileReference; lastKnownFileType = sourcecode.swift; path = BasicInformation.swift; sourceTree = "<group>"; };
		5005E8CC2505731E001E83D8 /* Password.swift */ = {isa = PBXFileReference; lastKnownFileType = sourcecode.swift; path = Password.swift; sourceTree = "<group>"; };
		5005E8CF2505AE55001E83D8 /* Network.swift */ = {isa = PBXFileReference; lastKnownFileType = sourcecode.swift; path = Network.swift; sourceTree = "<group>"; };
/* End PBXFileReference section */

/* Begin PBXFrameworksBuildPhase section */
		5005E8AA25055F44001E83D8 /* Frameworks */ = {
			isa = PBXFrameworksBuildPhase;
			buildActionMask = 2147483647;
			files = (
			);
			runOnlyForDeploymentPostprocessing = 0;
		};
/* End PBXFrameworksBuildPhase section */

/* Begin PBXGroup section */
		5005E8A425055F44001E83D8 = {
			isa = PBXGroup;
			children = (
				5005E8AF25055F44001E83D8 /* CodeChallenge */,
				5005E8AE25055F44001E83D8 /* Products */,
			);
			sourceTree = "<group>";
		};
		5005E8AE25055F44001E83D8 /* Products */ = {
			isa = PBXGroup;
			children = (
				5005E8AD25055F44001E83D8 /* CodeChallenge.app */,
			);
			name = Products;
			sourceTree = "<group>";
		};
		5005E8AF25055F44001E83D8 /* CodeChallenge */ = {
			isa = PBXGroup;
			children = (
				5005E8CE2505AE36001E83D8 /* Api */,
				5005E8C42505625D001E83D8 /* Views */,
				5005E8C525056266001E83D8 /* Controllers */,
				5005E8B025055F44001E83D8 /* AppDelegate.swift */,
				5005E8B225055F44001E83D8 /* SceneDelegate.swift */,
				5005E8B925055F48001E83D8 /* Assets.xcassets */,
				5005E8BB25055F48001E83D8 /* LaunchScreen.storyboard */,
				5005E8BE25055F48001E83D8 /* Info.plist */,
			);
			path = CodeChallenge;
			sourceTree = "<group>";
		};
		5005E8C42505625D001E83D8 /* Views */ = {
			isa = PBXGroup;
			children = (
				5005E8CA25057303001E83D8 /* BasicInformation.swift */,
				5005E8CC2505731E001E83D8 /* Password.swift */,
			);
			path = Views;
			sourceTree = "<group>";
		};
		5005E8C525056266001E83D8 /* Controllers */ = {
			isa = PBXGroup;
			children = (
				5005E8B425055F44001E83D8 /* Dashboard.swift */,
				5005E8C825056B66001E83D8 /* UserProfile.swift */,
				5005E8C6250562BA001E83D8 /* UIView+Layout.swift */,
			);
			path = Controllers;
			sourceTree = "<group>";
		};
		5005E8CE2505AE36001E83D8 /* Api */ = {
			isa = PBXGroup;
			children = (
				5005E8CF2505AE55001E83D8 /* Network.swift */,
			);
			path = Api;
			sourceTree = "<group>";
		};
/* End PBXGroup section */

/* Begin PBXNativeTarget section */
		5005E8AC25055F44001E83D8 /* CodeChallenge */ = {
			isa = PBXNativeTarget;
			buildConfigurationList = 5005E8C125055F48001E83D8 /* Build configuration list for PBXNativeTarget "CodeChallenge" */;
			buildPhases = (
				5005E8A925055F44001E83D8 /* Sources */,
				5005E8AA25055F44001E83D8 /* Frameworks */,
				5005E8AB25055F44001E83D8 /* Resources */,
			);
			buildRules = (
			);
			dependencies = (
			);
			name = CodeChallenge;
			productName = CodeChallenge;
			productReference = 5005E8AD25055F44001E83D8 /* CodeChallenge.app */;
			productType = "com.apple.product-type.application";
		};
/* End PBXNativeTarget section */

/* Begin PBXProject section */
		5005E8A525055F44001E83D8 /* Project object */ = {
			isa = PBXProject;
			attributes = {
				LastSwiftUpdateCheck = 1170;
				LastUpgradeCheck = 1170;
				ORGANIZATIONNAME = CodeChallenge;
				TargetAttributes = {
					5005E8AC25055F44001E83D8 = {
						CreatedOnToolsVersion = 11.7;
					};
				};
			};
			buildConfigurationList = 5005E8A825055F44001E83D8 /* Build configuration list for PBXProject "CodeChallenge" */;
			compatibilityVersion = "Xcode 9.3";
			developmentRegion = en;
			hasScannedForEncodings = 0;
			knownRegions = (
				en,
				Base,
			);
			mainGroup = 5005E8A425055F44001E83D8;
			productRefGroup = 5005E8AE25055F44001E83D8 /* Products */;
			projectDirPath = "";
			projectRoot = "";
			targets = (
				5005E8AC25055F44001E83D8 /* CodeChallenge */,
			);
		};
/* End PBXProject section */

/* Begin PBXResourcesBuildPhase section */
		5005E8AB25055F44001E83D8 /* Resources */ = {
			isa = PBXResourcesBuildPhase;
			buildActionMask = 2147483647;
			files = (
				5005E8BD25055F48001E83D8 /* LaunchScreen.storyboard in Resources */,
				5005E8BA25055F48001E83D8 /* Assets.xcassets in Resources */,
			);
			runOnlyForDeploymentPostprocessing = 0;
		};
/* End PBXResourcesBuildPhase section */

/* Begin PBXSourcesBuildPhase section */
		5005E8A925055F44001E83D8 /* Sources */ = {
			isa = PBXSourcesBuildPhase;
			buildActionMask = 2147483647;
			files = (
				5005E8C7250562BA001E83D8 /* UIView+Layout.swift in Sources */,
				5005E8B525055F44001E83D8 /* Dashboard.swift in Sources */,
				5005E8D02505AE55001E83D8 /* Network.swift in Sources */,
				5005E8C925056B66001E83D8 /* UserProfile.swift in Sources */,
				5005E8CD2505731E001E83D8 /* Password.swift in Sources */,
				5005E8B125055F44001E83D8 /* AppDelegate.swift in Sources */,
				5005E8B325055F44001E83D8 /* SceneDelegate.swift in Sources */,
				5005E8CB25057303001E83D8 /* BasicInformation.swift in Sources */,
			);
			runOnlyForDeploymentPostprocessing = 0;
		};
/* End PBXSourcesBuildPhase section */

/* Begin PBXVariantGroup section */
		5005E8BB25055F48001E83D8 /* LaunchScreen.storyboard */ = {
			isa = PBXVariantGroup;
			children = (
				5005E8BC25055F48001E83D8 /* Base */,
			);
			name = LaunchScreen.storyboard;
			sourceTree = "<group>";
		};
/* End PBXVariantGroup section */

/* Begin XCBuildConfiguration section */
		5005E8BF25055F48001E83D8 /* Debug */ = {
			isa = XCBuildConfiguration;
			buildSettings = {
				ALWAYS_SEARCH_USER_PATHS = NO;
				CLANG_ANALYZER_NONNULL = YES;
				CLANG_ANALYZER_NUMBER_OBJECT_CONVERSION = YES_AGGRESSIVE;
				CLANG_CXX_LANGUAGE_STANDARD = "gnu++14";
				CLANG_CXX_LIBRARY = "libc++";
				CLANG_ENABLE_MODULES = YES;
				CLANG_ENABLE_OBJC_ARC = YES;
				CLANG_ENABLE_OBJC_WEAK = YES;
				CLANG_WARN_BLOCK_CAPTURE_AUTORELEASING = YES;
				CLANG_WARN_BOOL_CONVERSION = YES;
				CLANG_WARN_COMMA = YES;
				CLANG_WARN_CONSTANT_CONVERSION = YES;
				CLANG_WARN_DEPRECATED_OBJC_IMPLEMENTATIONS = YES;
				CLANG_WARN_DIRECT_OBJC_ISA_USAGE = YES_ERROR;
				CLANG_WARN_DOCUMENTATION_COMMENTS = YES;
				CLANG_WARN_EMPTY_BODY = YES;
				CLANG_WARN_ENUM_CONVERSION = YES;
				CLANG_WARN_INFINITE_RECURSION = YES;
				CLANG_WARN_INT_CONVERSION = YES;
				CLANG_WARN_NON_LITERAL_NULL_CONVERSION = YES;
				CLANG_WARN_OBJC_IMPLICIT_RETAIN_SELF = YES;
				CLANG_WARN_OBJC_LITERAL_CONVERSION = YES;
				CLANG_WARN_OBJC_ROOT_CLASS = YES_ERROR;
				CLANG_WARN_RANGE_LOOP_ANALYSIS = YES;
				CLANG_WARN_STRICT_PROTOTYPES = YES;
				CLANG_WARN_SUSPICIOUS_MOVE = YES;
				CLANG_WARN_UNGUARDED_AVAILABILITY = YES_AGGRESSIVE;
				CLANG_WARN_UNREACHABLE_CODE = YES;
				CLANG_WARN__DUPLICATE_METHOD_MATCH = YES;
				COPY_PHASE_STRIP = NO;
				DEBUG_INFORMATION_FORMAT = dwarf;
				ENABLE_STRICT_OBJC_MSGSEND = YES;
				ENABLE_TESTABILITY = YES;
				GCC_C_LANGUAGE_STANDARD = gnu11;
				GCC_DYNAMIC_NO_PIC = NO;
				GCC_NO_COMMON_BLOCKS = YES;
				GCC_OPTIMIZATION_LEVEL = 0;
				GCC_PREPROCESSOR_DEFINITIONS = (
					"DEBUG=1",
					"$(inherited)",
				);
				GCC_WARN_64_TO_32_BIT_CONVERSION = YES;
				GCC_WARN_ABOUT_RETURN_TYPE = YES_ERROR;
				GCC_WARN_UNDECLARED_SELECTOR = YES;
				GCC_WARN_UNINITIALIZED_AUTOS = YES_AGGRESSIVE;
				GCC_WARN_UNUSED_FUNCTION = YES;
				GCC_WARN_UNUSED_VARIABLE = YES;
				IPHONEOS_DEPLOYMENT_TARGET = 13.7;
				MTL_ENABLE_DEBUG_INFO = INCLUDE_SOURCE;
				MTL_FAST_MATH = YES;
				ONLY_ACTIVE_ARCH = YES;
				SDKROOT = iphoneos;
				SWIFT_ACTIVE_COMPILATION_CONDITIONS = DEBUG;
				SWIFT_OPTIMIZATION_LEVEL = "-Onone";
			};
			name = Debug;
		};
		5005E8C025055F48001E83D8 /* Release */ = {
			isa = XCBuildConfiguration;
			buildSettings = {
				ALWAYS_SEARCH_USER_PATHS = NO;
				CLANG_ANALYZER_NONNULL = YES;
				CLANG_ANALYZER_NUMBER_OBJECT_CONVERSION = YES_AGGRESSIVE;
				CLANG_CXX_LANGUAGE_STANDARD = "gnu++14";
				CLANG_CXX_LIBRARY = "libc++";
				CLANG_ENABLE_MODULES = YES;
				CLANG_ENABLE_OBJC_ARC = YES;
				CLANG_ENABLE_OBJC_WEAK = YES;
				CLANG_WARN_BLOCK_CAPTURE_AUTORELEASING = YES;
				CLANG_WARN_BOOL_CONVERSION = YES;
				CLANG_WARN_COMMA = YES;
				CLANG_WARN_CONSTANT_CONVERSION = YES;
				CLANG_WARN_DEPRECATED_OBJC_IMPLEMENTATIONS = YES;
				CLANG_WARN_DIRECT_OBJC_ISA_USAGE = YES_ERROR;
				CLANG_WARN_DOCUMENTATION_COMMENTS = YES;
				CLANG_WARN_EMPTY_BODY = YES;
				CLANG_WARN_ENUM_CONVERSION = YES;
				CLANG_WARN_INFINITE_RECURSION = YES;
				CLANG_WARN_INT_CONVERSION = YES;
				CLANG_WARN_NON_LITERAL_NULL_CONVERSION = YES;
				CLANG_WARN_OBJC_IMPLICIT_RETAIN_SELF = YES;
				CLANG_WARN_OBJC_LITERAL_CONVERSION = YES;
				CLANG_WARN_OBJC_ROOT_CLASS = YES_ERROR;
				CLANG_WARN_RANGE_LOOP_ANALYSIS = YES;
				CLANG_WARN_STRICT_PROTOTYPES = YES;
				CLANG_WARN_SUSPICIOUS_MOVE = YES;
				CLANG_WARN_UNGUARDED_AVAILABILITY = YES_AGGRESSIVE;
				CLANG_WARN_UNREACHABLE_CODE = YES;
				CLANG_WARN__DUPLICATE_METHOD_MATCH = YES;
				COPY_PHASE_STRIP = NO;
				DEBUG_INFORMATION_FORMAT = "dwarf-with-dsym";
				ENABLE_NS_ASSERTIONS = NO;
				ENABLE_STRICT_OBJC_MSGSEND = YES;
				GCC_C_LANGUAGE_STANDARD = gnu11;
				GCC_NO_COMMON_BLOCKS = YES;
				GCC_WARN_64_TO_32_BIT_CONVERSION = YES;
				GCC_WARN_ABOUT_RETURN_TYPE = YES_ERROR;
				GCC_WARN_UNDECLARED_SELECTOR = YES;
				GCC_WARN_UNINITIALIZED_AUTOS = YES_AGGRESSIVE;
				GCC_WARN_UNUSED_FUNCTION = YES;
				GCC_WARN_UNUSED_VARIABLE = YES;
				IPHONEOS_DEPLOYMENT_TARGET = 13.7;
				MTL_ENABLE_DEBUG_INFO = NO;
				MTL_FAST_MATH = YES;
				SDKROOT = iphoneos;
				SWIFT_COMPILATION_MODE = wholemodule;
				SWIFT_OPTIMIZATION_LEVEL = "-O";
				VALIDATE_PRODUCT = YES;
			};
			name = Release;
		};
		5005E8C225055F48001E83D8 /* Debug */ = {
			isa = XCBuildConfiguration;
			buildSettings = {
				ASSETCATALOG_COMPILER_APPICON_NAME = AppIcon;
				CODE_SIGN_STYLE = Automatic;
				DEVELOPMENT_TEAM = 297S5AHTS9;
				INFOPLIST_FILE = CodeChallenge/Info.plist;
				IPHONEOS_DEPLOYMENT_TARGET = 13.0;
				LD_RUNPATH_SEARCH_PATHS = (
					"$(inherited)",
					"@executable_path/Frameworks",
				);
				PRODUCT_BUNDLE_IDENTIFIER = CodeChallenge.CodeChallenge;
				PRODUCT_NAME = "$(TARGET_NAME)";
				SWIFT_VERSION = 5.0;
				TARGETED_DEVICE_FAMILY = 1;
			};
			name = Debug;
		};
		5005E8C325055F48001E83D8 /* Release */ = {
			isa = XCBuildConfiguration;
			buildSettings = {
				ASSETCATALOG_COMPILER_APPICON_NAME = AppIcon;
				CODE_SIGN_STYLE = Automatic;
				DEVELOPMENT_TEAM = 297S5AHTS9;
				INFOPLIST_FILE = CodeChallenge/Info.plist;
				IPHONEOS_DEPLOYMENT_TARGET = 13.0;
				LD_RUNPATH_SEARCH_PATHS = (
					"$(inherited)",
					"@executable_path/Frameworks",
				);
				PRODUCT_BUNDLE_IDENTIFIER = CodeChallenge.CodeChallenge;
				PRODUCT_NAME = "$(TARGET_NAME)";
				SWIFT_VERSION = 5.0;
				TARGETED_DEVICE_FAMILY = 1;
			};
			name = Release;
		};
/* End XCBuildConfiguration section */

/* Begin XCConfigurationList section */
		5005E8A825055F44001E83D8 /* Build configuration list for PBXProject "CodeChallenge" */ = {
			isa = XCConfigurationList;
			buildConfigurations = (
				5005E8BF25055F48001E83D8 /* Debug */,
				5005E8C025055F48001E83D8 /* Release */,
			);
			defaultConfigurationIsVisible = 0;
			defaultConfigurationName = Release;
		};
		5005E8C125055F48001E83D8 /* Build configuration list for PBXNativeTarget "CodeChallenge" */ = {
			isa = XCConfigurationList;
			buildConfigurations = (
				5005E8C225055F48001E83D8 /* Debug */,
				5005E8C325055F48001E83D8 /* Release */,
			);
			defaultConfigurationIsVisible = 0;
			defaultConfigurationName = Release;
		};
/* End XCConfigurationList section */
	};
	rootObject = 5005E8A525055F44001E83D8 /* Project object */;
}
